
Microsoft Visual Studio Solution File, Format Version 12.00
# Visual Studio 15
VisualStudioVersion = 15.0.28010.2046
MinimumVisualStudioVersion = 10.0.40219.1
Project("{8BC9CEB8-8B4A-11D0-8D11-00A0C91BC942}") = "2D Game", "2D Game\2D Game.vcxproj", "{BCC788A9-3561-488E-96DE-22A88B394449}"
EndProject
Global
	GlobalSection(SolutionConfigurationPlatforms) = preSolution
		Debug|x64 = Debug|x64
		Debug|x86 = Debug|x86
		Release|x64 = Release|x64
		Release|x86 = Release|x86
	EndGlobalSection
	GlobalSection(ProjectConfigurationPlatforms) = postSolution
		{BCC788A9-3561-488E-96DE-22A88B394449}.Debug|x64.ActiveCfg = Debug|x64
		{BCC788A9-3561-488E-96DE-22A88B394449}.Debug|x64.Build.0 = Debug|x64
		{BCC788A9-3561-488E-96DE-22A88B394449}.Debug|x86.ActiveCfg = Debug|Win32
		{BCC788A9-3561-488E-96DE-22A88B394449}.Debug|x86.Build.0 = Debug|Win32
		{BCC788A9-3561-488E-96DE-22A88B394449}.Release|x64.ActiveCfg = Release|x64
		{BCC788A9-3561-488E-96DE-22A88B394449}.Release|x64.Build.0 = Release|x64
		{BCC788A9-3561-488E-96DE-22A88B394449}.Release|x86.ActiveCfg = Release|Win32
		{BCC788A9-3561-488E-96DE-22A88B394449}.Release|x86.Build.0 = Release|Win32
	EndGlobalSection
	GlobalSection(SolutionProperties) = preSolution
		HideSolutionNode = FALSE
	EndGlobalSection
	GlobalSection(ExtensibilityGlobals) = postSolution
		SolutionGuid = {1926ECB7-C7DB-46F8-A074-B47E1D81182F}
	EndGlobalSection
EndGlobal
